
Microsoft Visual Studio Solution File, Format Version 12.00
# Visual Studio 15
VisualStudioVersion = 15.0.26124.0
MinimumVisualStudioVersion = 15.0.26124.0
Project("{2150E333-8FDC-42A3-9474-1A3956D46DE8}") = "src", "src", "{F094439A-BC5A-47C6-A748-07363FBCABF7}"
EndProject
Project("{FAE04EC0-301F-11D3-BF4B-00C04F79EFBC}") = "JSMCodeChallenge", "src\JSMCodeChallenge\JSMCodeChallenge.csproj", "{FEB7DFB7-F0A9-4194-A148-14154E26C6B4}"
EndProject
Project("{2150E333-8FDC-42A3-9474-1A3956D46DE8}") = "tests", "tests", "{6CD74BEB-07A9-4ED8-9303-D6DAC52E5CA7}"
EndProject
Project("{FAE04EC0-301F-11D3-BF4B-00C04F79EFBC}") = "JSMCodeChallenge.Tests", "tests\JSMCodeChallenge.Tests\JSMCodeChallenge.Tests.csproj", "{B9EF5837-C1FB-4A9E-9773-BC8E3568FECF}"
EndProject
Global
	GlobalSection(SolutionConfigurationPlatforms) = preSolution
		Debug|Any CPU = Debug|Any CPU
		Debug|x64 = Debug|x64
		Debug|x86 = Debug|x86
		Release|Any CPU = Release|Any CPU
		Release|x64 = Release|x64
		Release|x86 = Release|x86
	EndGlobalSection
	GlobalSection(SolutionProperties) = preSolution
		HideSolutionNode = FALSE
	EndGlobalSection
	GlobalSection(ProjectConfigurationPlatforms) = postSolution
		{FEB7DFB7-F0A9-4194-A148-14154E26C6B4}.Debug|Any CPU.ActiveCfg = Debug|Any CPU
		{FEB7DFB7-F0A9-4194-A148-14154E26C6B4}.Debug|Any CPU.Build.0 = Debug|Any CPU
		{FEB7DFB7-F0A9-4194-A148-14154E26C6B4}.Debug|x64.ActiveCfg = Debug|Any CPU
		{FEB7DFB7-F0A9-4194-A148-14154E26C6B4}.Debug|x64.Build.0 = Debug|Any CPU
		{FEB7DFB7-F0A9-4194-A148-14154E26C6B4}.Debug|x86.ActiveCfg = Debug|Any CPU
		{FEB7DFB7-F0A9-4194-A148-14154E26C6B4}.Debug|x86.Build.0 = Debug|Any CPU
		{FEB7DFB7-F0A9-4194-A148-14154E26C6B4}.Release|Any CPU.ActiveCfg = Release|Any CPU
		{FEB7DFB7-F0A9-4194-A148-14154E26C6B4}.Release|Any CPU.Build.0 = Release|Any CPU
		{FEB7DFB7-F0A9-4194-A148-14154E26C6B4}.Release|x64.ActiveCfg = Release|Any CPU
		{FEB7DFB7-F0A9-4194-A148-14154E26C6B4}.Release|x64.Build.0 = Release|Any CPU
		{FEB7DFB7-F0A9-4194-A148-14154E26C6B4}.Release|x86.ActiveCfg = Release|Any CPU
		{FEB7DFB7-F0A9-4194-A148-14154E26C6B4}.Release|x86.Build.0 = Release|Any CPU
		{B9EF5837-C1FB-4A9E-9773-BC8E3568FECF}.Debug|Any CPU.ActiveCfg = Debug|Any CPU
		{B9EF5837-C1FB-4A9E-9773-BC8E3568FECF}.Debug|Any CPU.Build.0 = Debug|Any CPU
		{B9EF5837-C1FB-4A9E-9773-BC8E3568FECF}.Debug|x64.ActiveCfg = Debug|Any CPU
		{B9EF5837-C1FB-4A9E-9773-BC8E3568FECF}.Debug|x64.Build.0 = Debug|Any CPU
		{B9EF5837-C1FB-4A9E-9773-BC8E3568FECF}.Debug|x86.ActiveCfg = Debug|Any CPU
		{B9EF5837-C1FB-4A9E-9773-BC8E3568FECF}.Debug|x86.Build.0 = Debug|Any CPU
		{B9EF5837-C1FB-4A9E-9773-BC8E3568FECF}.Release|Any CPU.ActiveCfg = Release|Any CPU
		{B9EF5837-C1FB-4A9E-9773-BC8E3568FECF}.Release|Any CPU.Build.0 = Release|Any CPU
		{B9EF5837-C1FB-4A9E-9773-BC8E3568FECF}.Release|x64.ActiveCfg = Release|Any CPU
		{B9EF5837-C1FB-4A9E-9773-BC8E3568FECF}.Release|x64.Build.0 = Release|Any CPU
		{B9EF5837-C1FB-4A9E-9773-BC8E3568FECF}.Release|x86.ActiveCfg = Release|Any CPU
		{B9EF5837-C1FB-4A9E-9773-BC8E3568FECF}.Release|x86.Build.0 = Release|Any CPU
	EndGlobalSection
	GlobalSection(NestedProjects) = preSolution
		{FEB7DFB7-F0A9-4194-A148-14154E26C6B4} = {F094439A-BC5A-47C6-A748-07363FBCABF7}
		{B9EF5837-C1FB-4A9E-9773-BC8E3568FECF} = {6CD74BEB-07A9-4ED8-9303-D6DAC52E5CA7}
	EndGlobalSection
EndGlobal
